
Microsoft Visual Studio Solution File, Format Version 12.00
# Visual Studio Version 17
VisualStudioVersion = 17.5.33424.131
MinimumVisualStudioVersion = 10.0.40219.1
Project("{FAE04EC0-301F-11D3-BF4B-00C04F79EFBC}") = "RealTimeQuizGame", "RealTimeQuizGame\RealTimeQuizGame.csproj", "{C543580D-63C4-450C-8A1B-8A1B3A94997E}"
EndProject
Global
	GlobalSection(SolutionConfigurationPlatforms) = preSolution
		Debug|Any CPU = Debug|Any CPU
		Release|Any CPU = Release|Any CPU
	EndGlobalSection
	GlobalSection(ProjectConfigurationPlatforms) = postSolution
		{C543580D-63C4-450C-8A1B-8A1B3A94997E}.Debug|Any CPU.ActiveCfg = Debug|Any CPU
		{C543580D-63C4-450C-8A1B-8A1B3A94997E}.Debug|Any CPU.Build.0 = Debug|Any CPU
		{C543580D-63C4-450C-8A1B-8A1B3A94997E}.Release|Any CPU.ActiveCfg = Release|Any CPU
		{C543580D-63C4-450C-8A1B-8A1B3A94997E}.Release|Any CPU.Build.0 = Release|Any CPU
	EndGlobalSection
	GlobalSection(SolutionProperties) = preSolution
		HideSolutionNode = FALSE
	EndGlobalSection
	GlobalSection(ExtensibilityGlobals) = postSolution
		SolutionGuid = {48F6324D-E7C0-4EF3-A2DD-C91C35F45781}
	EndGlobalSection
EndGlobal
